
Microsoft Visual Studio Solution File, Format Version 12.00
# Visual Studio Version 16
VisualStudioVersion = 16.0.31112.23
MinimumVisualStudioVersion = 10.0.40219.1
Project("{FAE04EC0-301F-11D3-BF4B-00C04F79EFBC}") = "TMP_lab2", "TMP_lab2\TMP_lab2.csproj", "{BD024BA9-0607-4510-A858-F3AAEC223A1D}"
EndProject
Global
	GlobalSection(SolutionConfigurationPlatforms) = preSolution
		Debug|Any CPU = Debug|Any CPU
		Release|Any CPU = Release|Any CPU
	EndGlobalSection
	GlobalSection(ProjectConfigurationPlatforms) = postSolution
		{BD024BA9-0607-4510-A858-F3AAEC223A1D}.Debug|Any CPU.ActiveCfg = Debug|Any CPU
		{BD024BA9-0607-4510-A858-F3AAEC223A1D}.Debug|Any CPU.Build.0 = Debug|Any CPU
		{BD024BA9-0607-4510-A858-F3AAEC223A1D}.Release|Any CPU.ActiveCfg = Release|Any CPU
		{BD024BA9-0607-4510-A858-F3AAEC223A1D}.Release|Any CPU.Build.0 = Release|Any CPU
	EndGlobalSection
	GlobalSection(SolutionProperties) = preSolution
		HideSolutionNode = FALSE
	EndGlobalSection
	GlobalSection(ExtensibilityGlobals) = postSolution
		SolutionGuid = {A613A327-EC4C-4245-B8E8-F04B9C6D9E57}
	EndGlobalSection
EndGlobal
